
Microsoft Visual Studio Solution File, Format Version 12.00
# Visual Studio 14
VisualStudioVersion = 14.0.24720.0
MinimumVisualStudioVersion = 10.0.40219.1
Project("{FAE04EC0-301F-11D3-BF4B-00C04F79EFBC}") = "bookshelf", "bookshelf\bookshelf.csproj", "{296B6F2A-25A6-41D8-B684-475DFE918695}"
EndProject
Project("{FAE04EC0-301F-11D3-BF4B-00C04F79EFBC}") = "lib", "lib\lib.csproj", "{EBC6B984-FE87-4B65-88D4-6AC584910FD9}"
EndProject
Project("{FAE04EC0-301F-11D3-BF4B-00C04F79EFBC}") = "worker", "worker\worker.csproj", "{4328B4D9-C8A8-4B8E-8790-96B1B225B22E}"
EndProject
Project("{FAE04EC0-301F-11D3-BF4B-00C04F79EFBC}") = "test", "test\test.csproj", "{4F65EFC2-8AF4-4FA5-9840-F2317A1C78A6}"
EndProject
Global
	GlobalSection(SolutionConfigurationPlatforms) = preSolution
		Debug|Any CPU = Debug|Any CPU
		Release|Any CPU = Release|Any CPU
	EndGlobalSection
	GlobalSection(ProjectConfigurationPlatforms) = postSolution
		{296B6F2A-25A6-41D8-B684-475DFE918695}.Debug|Any CPU.ActiveCfg = Debug|Any CPU
		{296B6F2A-25A6-41D8-B684-475DFE918695}.Debug|Any CPU.Build.0 = Debug|Any CPU
		{296B6F2A-25A6-41D8-B684-475DFE918695}.Release|Any CPU.ActiveCfg = Release|Any CPU
		{296B6F2A-25A6-41D8-B684-475DFE918695}.Release|Any CPU.Build.0 = Release|Any CPU
		{EBC6B984-FE87-4B65-88D4-6AC584910FD9}.Debug|Any CPU.ActiveCfg = Debug|Any CPU
		{EBC6B984-FE87-4B65-88D4-6AC584910FD9}.Debug|Any CPU.Build.0 = Debug|Any CPU
		{EBC6B984-FE87-4B65-88D4-6AC584910FD9}.Release|Any CPU.ActiveCfg = Release|Any CPU
		{EBC6B984-FE87-4B65-88D4-6AC584910FD9}.Release|Any CPU.Build.0 = Release|Any CPU
		{4328B4D9-C8A8-4B8E-8790-96B1B225B22E}.Debug|Any CPU.ActiveCfg = Debug|Any CPU
		{4328B4D9-C8A8-4B8E-8790-96B1B225B22E}.Debug|Any CPU.Build.0 = Debug|Any CPU
		{4328B4D9-C8A8-4B8E-8790-96B1B225B22E}.Release|Any CPU.ActiveCfg = Release|Any CPU
		{4328B4D9-C8A8-4B8E-8790-96B1B225B22E}.Release|Any CPU.Build.0 = Release|Any CPU
		{4F65EFC2-8AF4-4FA5-9840-F2317A1C78A6}.Debug|Any CPU.ActiveCfg = Debug|Any CPU
		{4F65EFC2-8AF4-4FA5-9840-F2317A1C78A6}.Debug|Any CPU.Build.0 = Debug|Any CPU
		{4F65EFC2-8AF4-4FA5-9840-F2317A1C78A6}.Release|Any CPU.ActiveCfg = Release|Any CPU
		{4F65EFC2-8AF4-4FA5-9840-F2317A1C78A6}.Release|Any CPU.Build.0 = Release|Any CPU
	EndGlobalSection
	GlobalSection(SolutionProperties) = preSolution
		HideSolutionNode = FALSE
	EndGlobalSection
EndGlobal
